
Microsoft Visual Studio Solution File, Format Version 12.00
# Visual Studio Version 16
VisualStudioVersion = 16.0.28922.388
MinimumVisualStudioVersion = 10.0.40219.1
Project("{FAE04EC0-301F-11D3-BF4B-00C04F79EFBC}") = "Calculator", "..\Calculator\Calculator.csproj", "{DC731BDD-955A-4721-860F-7D8CD9E40DE2}"
EndProject
Global
	GlobalSection(SolutionConfigurationPlatforms) = preSolution
		Debug|Any CPU = Debug|Any CPU
		Release|Any CPU = Release|Any CPU
	EndGlobalSection
	GlobalSection(ProjectConfigurationPlatforms) = postSolution
		{DC731BDD-955A-4721-860F-7D8CD9E40DE2}.Debug|Any CPU.ActiveCfg = Debug|Any CPU
		{DC731BDD-955A-4721-860F-7D8CD9E40DE2}.Debug|Any CPU.Build.0 = Debug|Any CPU
		{DC731BDD-955A-4721-860F-7D8CD9E40DE2}.Release|Any CPU.ActiveCfg = Release|Any CPU
		{DC731BDD-955A-4721-860F-7D8CD9E40DE2}.Release|Any CPU.Build.0 = Release|Any CPU
	EndGlobalSection
	GlobalSection(SolutionProperties) = preSolution
		HideSolutionNode = FALSE
	EndGlobalSection
	GlobalSection(ExtensibilityGlobals) = postSolution
		SolutionGuid = {B94982D7-6F9B-4DD7-A642-DA6A1F9EE674}
	EndGlobalSection
EndGlobal
